// !$*UTF8*$!
{
	archiveVersion = 1;
	classes = {
	};
	objectVersion = 51;
	objects = {

/* Begin PBXBuildFile section */
		030193AB263F45F1005461C5 /* CurrentWeatherController.swift in Sources */ = {isa = PBXBuildFile; fileRef = 030193AA263F45F1005461C5 /* CurrentWeatherController.swift */; };
		030193B3263F51D2005461C5 /* Constants.swift in Sources */ = {isa = PBXBuildFile; fileRef = 030193B2263F51D2005461C5 /* Constants.swift */; };
		030DA3AA263610D10063BAD1 /* AppDelegate.swift in Sources */ = {isa = PBXBuildFile; fileRef = 030DA3A9263610D10063BAD1 /* AppDelegate.swift */; };
		030DA3AC263610D10063BAD1 /* SceneDelegate.swift in Sources */ = {isa = PBXBuildFile; fileRef = 030DA3AB263610D10063BAD1 /* SceneDelegate.swift */; };
		030DA3B3263610D20063BAD1 /* Assets.xcassets in Resources */ = {isa = PBXBuildFile; fileRef = 030DA3B2263610D20063BAD1 /* Assets.xcassets */; };
		030DA3B6263610D20063BAD1 /* LaunchScreen.storyboard in Resources */ = {isa = PBXBuildFile; fileRef = 030DA3B4263610D20063BAD1 /* LaunchScreen.storyboard */; };
		030DA3C1263610D20063BAD1 /* OpenWeatherIosTests.swift in Sources */ = {isa = PBXBuildFile; fileRef = 030DA3C0263610D20063BAD1 /* OpenWeatherIosTests.swift */; };
		030DA3CC263610D20063BAD1 /* OpenWeatherIosUITests.swift in Sources */ = {isa = PBXBuildFile; fileRef = 030DA3CB263610D20063BAD1 /* OpenWeatherIosUITests.swift */; };
		03180705266D518B00A5AEAF /* MeasurableValue.swift in Sources */ = {isa = PBXBuildFile; fileRef = 03180704266D518B00A5AEAF /* MeasurableValue.swift */; };
		033A0D1D2643FEB200759BC2 /* WeatherConvertible.swift in Sources */ = {isa = PBXBuildFile; fileRef = 033A0D1C2643FEB200759BC2 /* WeatherConvertible.swift */; };
		033A0D1F264405BD00759BC2 /* WeatherModels.swift in Sources */ = {isa = PBXBuildFile; fileRef = 033A0D1E264405BD00759BC2 /* WeatherModels.swift */; };
		034B615E26828ACC00A2E343 /* City.swift in Sources */ = {isa = PBXBuildFile; fileRef = 034B615D26828ACC00A2E343 /* City.swift */; };
		034FA6D226448F9000EC6C19 /* DailyForecast.swift in Sources */ = {isa = PBXBuildFile; fileRef = 034FA6D126448F9000EC6C19 /* DailyForecast.swift */; };
		0352038C26434C2B0066C796 /* Pressure.swift in Sources */ = {isa = PBXBuildFile; fileRef = 0352038B26434C2B0066C796 /* Pressure.swift */; };
		0352038E26434F9F0066C796 /* WindSpeed.swift in Sources */ = {isa = PBXBuildFile; fileRef = 0352038D26434F9F0066C796 /* WindSpeed.swift */; };
		03520390264356C30066C796 /* MinutelyForecast.swift in Sources */ = {isa = PBXBuildFile; fileRef = 0352038F264356C30066C796 /* MinutelyForecast.swift */; };
		03520392264358A80066C796 /* HourlyForecast.swift in Sources */ = {isa = PBXBuildFile; fileRef = 03520391264358A80066C796 /* HourlyForecast.swift */; };
		03939E66268201E000F67C2F /* Data+Gzip.swift in Sources */ = {isa = PBXBuildFile; fileRef = 03939E65268201E000F67C2F /* Data+Gzip.swift */; };
		03D0525C2641EFE5007EED7C /* WeatherApiManager.swift in Sources */ = {isa = PBXBuildFile; fileRef = 03D0525B2641EFE5007EED7C /* WeatherApiManager.swift */; };
		03D0525F2641F6C3007EED7C /* ExcludedFieldType.swift in Sources */ = {isa = PBXBuildFile; fileRef = 03D0525E2641F6C3007EED7C /* ExcludedFieldType.swift */; };
		03D05264264200F3007EED7C /* OneCallResponse.swift in Sources */ = {isa = PBXBuildFile; fileRef = 03D05263264200F3007EED7C /* OneCallResponse.swift */; };
		03D052662642043F007EED7C /* CurrentWeather.swift in Sources */ = {isa = PBXBuildFile; fileRef = 03D052652642043F007EED7C /* CurrentWeather.swift */; };
		03D052682642070B007EED7C /* Temperature.swift in Sources */ = {isa = PBXBuildFile; fileRef = 03D052672642070B007EED7C /* Temperature.swift */; };
		03F3C7A5266D60D60093867A /* WeatherAlert.swift in Sources */ = {isa = PBXBuildFile; fileRef = 03F3C7A4266D60D60093867A /* WeatherAlert.swift */; };
		39004E4DB15105097668228E /* Pods_OpenWeatherIos_OpenWeatherIosUITests.framework in Frameworks */ = {isa = PBXBuildFile; fileRef = DD0963E73F999481A8C0DB0D /* Pods_OpenWeatherIos_OpenWeatherIosUITests.framework */; };
		9751F7777824A17F5D0F32D7 /* Pods_OpenWeatherIos.framework in Frameworks */ = {isa = PBXBuildFile; fileRef = 4D8F6D0170A6F3E973010B21 /* Pods_OpenWeatherIos.framework */; };
		C9ABD1BF8010BBCDE12955DB /* Pods_OpenWeatherIosTests.framework in Frameworks */ = {isa = PBXBuildFile; fileRef = C2A45BD3388D7CE15EBF6C3C /* Pods_OpenWeatherIosTests.framework */; };
/* End PBXBuildFile section */

/* Begin PBXContainerItemProxy section */
		030DA3BD263610D20063BAD1 /* PBXContainerItemProxy */ = {
			isa = PBXContainerItemProxy;
			containerPortal = 030DA39E263610D10063BAD1 /* Project object */;
			proxyType = 1;
			remoteGlobalIDString = 030DA3A5263610D10063BAD1;
			remoteInfo = OpenWeatherIos;
		};
		030DA3C8263610D20063BAD1 /* PBXContainerItemProxy */ = {
			isa = PBXContainerItemProxy;
			containerPortal = 030DA39E263610D10063BAD1 /* Project object */;
			proxyType = 1;
			remoteGlobalIDString = 030DA3A5263610D10063BAD1;
			remoteInfo = OpenWeatherIos;
		};
/* End PBXContainerItemProxy section */

/* Begin PBXFileReference section */
		030193AA263F45F1005461C5 /* CurrentWeatherController.swift */ = {isa = PBXFileReference; lastKnownFileType = sourcecode.swift; path = CurrentWeatherController.swift; sourceTree = "<group>"; };
		030193B2263F51D2005461C5 /* Constants.swift */ = {isa = PBXFileReference; lastKnownFileType = sourcecode.swift; path = Constants.swift; sourceTree = "<group>"; };
		030DA3A6263610D10063BAD1 /* OpenWeatherIos.app */ = {isa = PBXFileReference; explicitFileType = wrapper.application; includeInIndex = 0; path = OpenWeatherIos.app; sourceTree = BUILT_PRODUCTS_DIR; };
		030DA3A9263610D10063BAD1 /* AppDelegate.swift */ = {isa = PBXFileReference; lastKnownFileType = sourcecode.swift; path = AppDelegate.swift; sourceTree = "<group>"; };
		030DA3AB263610D10063BAD1 /* SceneDelegate.swift */ = {isa = PBXFileReference; lastKnownFileType = sourcecode.swift; path = SceneDelegate.swift; sourceTree = "<group>"; };
		030DA3B2263610D20063BAD1 /* Assets.xcassets */ = {isa = PBXFileReference; lastKnownFileType = folder.assetcatalog; path = Assets.xcassets; sourceTree = "<group>"; };
		030DA3B5263610D20063BAD1 /* Base */ = {isa = PBXFileReference; lastKnownFileType = file.storyboard; name = Base; path = Base.lproj/LaunchScreen.storyboard; sourceTree = "<group>"; };
		030DA3B7263610D20063BAD1 /* Info.plist */ = {isa = PBXFileReference; lastKnownFileType = text.plist.xml; path = Info.plist; sourceTree = "<group>"; };
		030DA3BC263610D20063BAD1 /* OpenWeatherIosTests.xctest */ = {isa = PBXFileReference; explicitFileType = wrapper.cfbundle; includeInIndex = 0; path = OpenWeatherIosTests.xctest; sourceTree = BUILT_PRODUCTS_DIR; };
		030DA3C0263610D20063BAD1 /* OpenWeatherIosTests.swift */ = {isa = PBXFileReference; lastKnownFileType = sourcecode.swift; path = OpenWeatherIosTests.swift; sourceTree = "<group>"; };
		030DA3C2263610D20063BAD1 /* Info.plist */ = {isa = PBXFileReference; lastKnownFileType = text.plist.xml; path = Info.plist; sourceTree = "<group>"; };
		030DA3C7263610D20063BAD1 /* OpenWeatherIosUITests.xctest */ = {isa = PBXFileReference; explicitFileType = wrapper.cfbundle; includeInIndex = 0; path = OpenWeatherIosUITests.xctest; sourceTree = BUILT_PRODUCTS_DIR; };
		030DA3CB263610D20063BAD1 /* OpenWeatherIosUITests.swift */ = {isa = PBXFileReference; lastKnownFileType = sourcecode.swift; path = OpenWeatherIosUITests.swift; sourceTree = "<group>"; };
		030DA3CD263610D20063BAD1 /* Info.plist */ = {isa = PBXFileReference; lastKnownFileType = text.plist.xml; path = Info.plist; sourceTree = "<group>"; };
		03180704266D518B00A5AEAF /* MeasurableValue.swift */ = {isa = PBXFileReference; lastKnownFileType = sourcecode.swift; path = MeasurableValue.swift; sourceTree = "<group>"; };
		033A0D1C2643FEB200759BC2 /* WeatherConvertible.swift */ = {isa = PBXFileReference; lastKnownFileType = sourcecode.swift; path = WeatherConvertible.swift; sourceTree = "<group>"; };
		033A0D1E264405BD00759BC2 /* WeatherModels.swift */ = {isa = PBXFileReference; lastKnownFileType = sourcecode.swift; path = WeatherModels.swift; sourceTree = "<group>"; };
		034B615D26828ACC00A2E343 /* City.swift */ = {isa = PBXFileReference; lastKnownFileType = sourcecode.swift; path = City.swift; sourceTree = "<group>"; };
		034FA6D126448F9000EC6C19 /* DailyForecast.swift */ = {isa = PBXFileReference; lastKnownFileType = sourcecode.swift; path = DailyForecast.swift; sourceTree = "<group>"; };
		0352038B26434C2B0066C796 /* Pressure.swift */ = {isa = PBXFileReference; lastKnownFileType = sourcecode.swift; path = Pressure.swift; sourceTree = "<group>"; };
		0352038D26434F9F0066C796 /* WindSpeed.swift */ = {isa = PBXFileReference; lastKnownFileType = sourcecode.swift; path = WindSpeed.swift; sourceTree = "<group>"; };
		0352038F264356C30066C796 /* MinutelyForecast.swift */ = {isa = PBXFileReference; lastKnownFileType = sourcecode.swift; path = MinutelyForecast.swift; sourceTree = "<group>"; };
		03520391264358A80066C796 /* HourlyForecast.swift */ = {isa = PBXFileReference; lastKnownFileType = sourcecode.swift; path = HourlyForecast.swift; sourceTree = "<group>"; };
		03939E65268201E000F67C2F /* Data+Gzip.swift */ = {isa = PBXFileReference; lastKnownFileType = sourcecode.swift; path = "Data+Gzip.swift"; sourceTree = "<group>"; };
		03D0525B2641EFE5007EED7C /* WeatherApiManager.swift */ = {isa = PBXFileReference; lastKnownFileType = sourcecode.swift; path = WeatherApiManager.swift; sourceTree = "<group>"; };
		03D0525E2641F6C3007EED7C /* ExcludedFieldType.swift */ = {isa = PBXFileReference; lastKnownFileType = sourcecode.swift; path = ExcludedFieldType.swift; sourceTree = "<group>"; };
		03D05263264200F3007EED7C /* OneCallResponse.swift */ = {isa = PBXFileReference; lastKnownFileType = sourcecode.swift; path = OneCallResponse.swift; sourceTree = "<group>"; };
		03D052652642043F007EED7C /* CurrentWeather.swift */ = {isa = PBXFileReference; lastKnownFileType = sourcecode.swift; path = CurrentWeather.swift; sourceTree = "<group>"; };
		03D052672642070B007EED7C /* Temperature.swift */ = {isa = PBXFileReference; lastKnownFileType = sourcecode.swift; path = Temperature.swift; sourceTree = "<group>"; };
		03F3C7A4266D60D60093867A /* WeatherAlert.swift */ = {isa = PBXFileReference; lastKnownFileType = sourcecode.swift; path = WeatherAlert.swift; sourceTree = "<group>"; };
		0D5E9298DC55FC210BAD7638 /* Pods-OpenWeatherIosTests.release.xcconfig */ = {isa = PBXFileReference; includeInIndex = 1; lastKnownFileType = text.xcconfig; name = "Pods-OpenWeatherIosTests.release.xcconfig"; path = "Target Support Files/Pods-OpenWeatherIosTests/Pods-OpenWeatherIosTests.release.xcconfig"; sourceTree = "<group>"; };
		0D7D98F39B3990F5449B8C09 /* Pods-OpenWeatherIos.debug.xcconfig */ = {isa = PBXFileReference; includeInIndex = 1; lastKnownFileType = text.xcconfig; name = "Pods-OpenWeatherIos.debug.xcconfig"; path = "Target Support Files/Pods-OpenWeatherIos/Pods-OpenWeatherIos.debug.xcconfig"; sourceTree = "<group>"; };
		2AAF89977D01B548399E2C90 /* Pods-OpenWeatherIos.release.xcconfig */ = {isa = PBXFileReference; includeInIndex = 1; lastKnownFileType = text.xcconfig; name = "Pods-OpenWeatherIos.release.xcconfig"; path = "Target Support Files/Pods-OpenWeatherIos/Pods-OpenWeatherIos.release.xcconfig"; sourceTree = "<group>"; };
		32B457A9162BB5CE46BF3F71 /* Pods-OpenWeatherIos-OpenWeatherIosUITests.debug.xcconfig */ = {isa = PBXFileReference; includeInIndex = 1; lastKnownFileType = text.xcconfig; name = "Pods-OpenWeatherIos-OpenWeatherIosUITests.debug.xcconfig"; path = "Target Support Files/Pods-OpenWeatherIos-OpenWeatherIosUITests/Pods-OpenWeatherIos-OpenWeatherIosUITests.debug.xcconfig"; sourceTree = "<group>"; };
		403E95A59BCFFCBB99C6A9E0 /* Pods-OpenWeatherIosTests.debug.xcconfig */ = {isa = PBXFileReference; includeInIndex = 1; lastKnownFileType = text.xcconfig; name = "Pods-OpenWeatherIosTests.debug.xcconfig"; path = "Target Support Files/Pods-OpenWeatherIosTests/Pods-OpenWeatherIosTests.debug.xcconfig"; sourceTree = "<group>"; };
		4D8F6D0170A6F3E973010B21 /* Pods_OpenWeatherIos.framework */ = {isa = PBXFileReference; explicitFileType = wrapper.framework; includeInIndex = 0; path = Pods_OpenWeatherIos.framework; sourceTree = BUILT_PRODUCTS_DIR; };
		C2A45BD3388D7CE15EBF6C3C /* Pods_OpenWeatherIosTests.framework */ = {isa = PBXFileReference; explicitFileType = wrapper.framework; includeInIndex = 0; path = Pods_OpenWeatherIosTests.framework; sourceTree = BUILT_PRODUCTS_DIR; };
		DD0963E73F999481A8C0DB0D /* Pods_OpenWeatherIos_OpenWeatherIosUITests.framework */ = {isa = PBXFileReference; explicitFileType = wrapper.framework; includeInIndex = 0; path = Pods_OpenWeatherIos_OpenWeatherIosUITests.framework; sourceTree = BUILT_PRODUCTS_DIR; };
		E7A65517DE7396C24B80A7F0 /* Pods-OpenWeatherIos-OpenWeatherIosUITests.release.xcconfig */ = {isa = PBXFileReference; includeInIndex = 1; lastKnownFileType = text.xcconfig; name = "Pods-OpenWeatherIos-OpenWeatherIosUITests.release.xcconfig"; path = "Target Support Files/Pods-OpenWeatherIos-OpenWeatherIosUITests/Pods-OpenWeatherIos-OpenWeatherIosUITests.release.xcconfig"; sourceTree = "<group>"; };
/* End PBXFileReference section */

/* Begin PBXFrameworksBuildPhase section */
		030DA3A3263610D10063BAD1 /* Frameworks */ = {
			isa = PBXFrameworksBuildPhase;
			buildActionMask = 2147483647;
			files = (
				9751F7777824A17F5D0F32D7 /* Pods_OpenWeatherIos.framework in Frameworks */,
			);
			runOnlyForDeploymentPostprocessing = 0;
		};
		030DA3B9263610D20063BAD1 /* Frameworks */ = {
			isa = PBXFrameworksBuildPhase;
			buildActionMask = 2147483647;
			files = (
				C9ABD1BF8010BBCDE12955DB /* Pods_OpenWeatherIosTests.framework in Frameworks */,
			);
			runOnlyForDeploymentPostprocessing = 0;
		};
		030DA3C4263610D20063BAD1 /* Frameworks */ = {
			isa = PBXFrameworksBuildPhase;
			buildActionMask = 2147483647;
			files = (
				39004E4DB15105097668228E /* Pods_OpenWeatherIos_OpenWeatherIosUITests.framework in Frameworks */,
			);
			runOnlyForDeploymentPostprocessing = 0;
		};
/* End PBXFrameworksBuildPhase section */

/* Begin PBXGroup section */
		030193A3263F4393005461C5 /* Modules */ = {
			isa = PBXGroup;
			children = (
				030193A4263F43B9005461C5 /* Common */,
				030193A5263F43CA005461C5 /* CurrentWeather */,
			);
			path = Modules;
			sourceTree = "<group>";
		};
		030193A4263F43B9005461C5 /* Common */ = {
			isa = PBXGroup;
			children = (
				030193B2263F51D2005461C5 /* Constants.swift */,
				03939E64268201BF00F67C2F /* Extensions */,
				03D0525D2641F67E007EED7C /* Models */,
				03D0525A2641ECD0007EED7C /* Services */,
			);
			path = Common;
			sourceTree = "<group>";
		};
		030193A5263F43CA005461C5 /* CurrentWeather */ = {
			isa = PBXGroup;
			children = (
				030193A9263F4511005461C5 /* ViewControllers */,
			);
			path = CurrentWeather;
			sourceTree = "<group>";
		};
		030193A9263F4511005461C5 /* ViewControllers */ = {
			isa = PBXGroup;
			children = (
				030193AA263F45F1005461C5 /* CurrentWeatherController.swift */,
			);
			path = ViewControllers;
			sourceTree = "<group>";
		};
		030DA39D263610D10063BAD1 = {
			isa = PBXGroup;
			children = (
				030DA3A8263610D10063BAD1 /* OpenWeatherIos */,
				030DA3BF263610D20063BAD1 /* OpenWeatherIosTests */,
				030DA3CA263610D20063BAD1 /* OpenWeatherIosUITests */,
				030DA3A7263610D10063BAD1 /* Products */,
				A8D82444674BFE0E5EE76971 /* Pods */,
				1D7C263F9AD421BED85A6189 /* Frameworks */,
			);
			sourceTree = "<group>";
		};
		030DA3A7263610D10063BAD1 /* Products */ = {
			isa = PBXGroup;
			children = (
				030DA3A6263610D10063BAD1 /* OpenWeatherIos.app */,
				030DA3BC263610D20063BAD1 /* OpenWeatherIosTests.xctest */,
				030DA3C7263610D20063BAD1 /* OpenWeatherIosUITests.xctest */,
			);
			name = Products;
			sourceTree = "<group>";
		};
		030DA3A8263610D10063BAD1 /* OpenWeatherIos */ = {
			isa = PBXGroup;
			children = (
				030DA3A9263610D10063BAD1 /* AppDelegate.swift */,
				030DA3AB263610D10063BAD1 /* SceneDelegate.swift */,
				030193A3263F4393005461C5 /* Modules */,
				030DA3B2263610D20063BAD1 /* Assets.xcassets */,
				030DA3B4263610D20063BAD1 /* LaunchScreen.storyboard */,
				030DA3B7263610D20063BAD1 /* Info.plist */,
			);
			path = OpenWeatherIos;
			sourceTree = "<group>";
		};
		030DA3BF263610D20063BAD1 /* OpenWeatherIosTests */ = {
			isa = PBXGroup;
			children = (
				030DA3C0263610D20063BAD1 /* OpenWeatherIosTests.swift */,
				030DA3C2263610D20063BAD1 /* Info.plist */,
			);
			path = OpenWeatherIosTests;
			sourceTree = "<group>";
		};
		030DA3CA263610D20063BAD1 /* OpenWeatherIosUITests */ = {
			isa = PBXGroup;
			children = (
				030DA3CB263610D20063BAD1 /* OpenWeatherIosUITests.swift */,
				030DA3CD263610D20063BAD1 /* Info.plist */,
			);
			path = OpenWeatherIosUITests;
			sourceTree = "<group>";
		};
		034B615A2682899500A2E343 /* Weather */ = {
			isa = PBXGroup;
			children = (
				03D05263264200F3007EED7C /* OneCallResponse.swift */,
				033A0D1C2643FEB200759BC2 /* WeatherConvertible.swift */,
				03F3C7A4266D60D60093867A /* WeatherAlert.swift */,
				03D052652642043F007EED7C /* CurrentWeather.swift */,
				03520391264358A80066C796 /* HourlyForecast.swift */,
				0352038F264356C30066C796 /* MinutelyForecast.swift */,
				03180704266D518B00A5AEAF /* MeasurableValue.swift */,
				03D052672642070B007EED7C /* Temperature.swift */,
				0352038B26434C2B0066C796 /* Pressure.swift */,
				0352038D26434F9F0066C796 /* WindSpeed.swift */,
				033A0D1E264405BD00759BC2 /* WeatherModels.swift */,
				034FA6D126448F9000EC6C19 /* DailyForecast.swift */,
			);
			path = Weather;
			sourceTree = "<group>";
		};
		03939E64268201BF00F67C2F /* Extensions */ = {
			isa = PBXGroup;
			children = (
				03939E65268201E000F67C2F /* Data+Gzip.swift */,
			);
			path = Extensions;
			sourceTree = "<group>";
		};
		03D0525A2641ECD0007EED7C /* Services */ = {
			isa = PBXGroup;
			children = (
				03D0525B2641EFE5007EED7C /* WeatherApiManager.swift */,
			);
			path = Services;
			sourceTree = "<group>";
		};
		03D0525D2641F67E007EED7C /* Models */ = {
			isa = PBXGroup;
			children = (
				03D052622641FFA0007EED7C /* Api */,
				03D0525E2641F6C3007EED7C /* ExcludedFieldType.swift */,
			);
			path = Models;
			sourceTree = "<group>";
		};
		03D052622641FFA0007EED7C /* Api */ = {
			isa = PBXGroup;
			children = (
				034B615A2682899500A2E343 /* Weather */,
				034B615D26828ACC00A2E343 /* City.swift */,
			);
			path = Api;
			sourceTree = "<group>";
		};
		1D7C263F9AD421BED85A6189 /* Frameworks */ = {
			isa = PBXGroup;
			children = (
				4D8F6D0170A6F3E973010B21 /* Pods_OpenWeatherIos.framework */,
				DD0963E73F999481A8C0DB0D /* Pods_OpenWeatherIos_OpenWeatherIosUITests.framework */,
				C2A45BD3388D7CE15EBF6C3C /* Pods_OpenWeatherIosTests.framework */,
			);
			name = Frameworks;
			sourceTree = "<group>";
		};
		A8D82444674BFE0E5EE76971 /* Pods */ = {
			isa = PBXGroup;
			children = (
				0D7D98F39B3990F5449B8C09 /* Pods-OpenWeatherIos.debug.xcconfig */,
				2AAF89977D01B548399E2C90 /* Pods-OpenWeatherIos.release.xcconfig */,
				32B457A9162BB5CE46BF3F71 /* Pods-OpenWeatherIos-OpenWeatherIosUITests.debug.xcconfig */,
				E7A65517DE7396C24B80A7F0 /* Pods-OpenWeatherIos-OpenWeatherIosUITests.release.xcconfig */,
				403E95A59BCFFCBB99C6A9E0 /* Pods-OpenWeatherIosTests.debug.xcconfig */,
				0D5E9298DC55FC210BAD7638 /* Pods-OpenWeatherIosTests.release.xcconfig */,
			);
			path = Pods;
			sourceTree = "<group>";
		};
/* End PBXGroup section */

/* Begin PBXNativeTarget section */
		030DA3A5263610D10063BAD1 /* OpenWeatherIos */ = {
			isa = PBXNativeTarget;
			buildConfigurationList = 030DA3D0263610D20063BAD1 /* Build configuration list for PBXNativeTarget "OpenWeatherIos" */;
			buildPhases = (
				721A0C33CD5F724035E0979F /* [CP] Check Pods Manifest.lock */,
				030DA3A2263610D10063BAD1 /* Sources */,
				030DA3A3263610D10063BAD1 /* Frameworks */,
				030DA3A4263610D10063BAD1 /* Resources */,
				0A52BBA68299261325717622 /* [CP] Embed Pods Frameworks */,
				03FF30D7267CB398001BFB6C /* ShellScript */,
			);
			buildRules = (
			);
			dependencies = (
			);
			name = OpenWeatherIos;
			productName = OpenWeatherIos;
			productReference = 030DA3A6263610D10063BAD1 /* OpenWeatherIos.app */;
			productType = "com.apple.product-type.application";
		};
		030DA3BB263610D20063BAD1 /* OpenWeatherIosTests */ = {
			isa = PBXNativeTarget;
			buildConfigurationList = 030DA3D3263610D20063BAD1 /* Build configuration list for PBXNativeTarget "OpenWeatherIosTests" */;
			buildPhases = (
				35E022BAAC30DD72F023CF13 /* [CP] Check Pods Manifest.lock */,
				030DA3B8263610D20063BAD1 /* Sources */,
				030DA3B9263610D20063BAD1 /* Frameworks */,
				030DA3BA263610D20063BAD1 /* Resources */,
			);
			buildRules = (
			);
			dependencies = (
				030DA3BE263610D20063BAD1 /* PBXTargetDependency */,
			);
			name = OpenWeatherIosTests;
			productName = OpenWeatherIosTests;
			productReference = 030DA3BC263610D20063BAD1 /* OpenWeatherIosTests.xctest */;
			productType = "com.apple.product-type.bundle.unit-test";
		};
		030DA3C6263610D20063BAD1 /* OpenWeatherIosUITests */ = {
			isa = PBXNativeTarget;
			buildConfigurationList = 030DA3D6263610D20063BAD1 /* Build configuration list for PBXNativeTarget "OpenWeatherIosUITests" */;
			buildPhases = (
				0D110EAFD8C7404ACA03CF79 /* [CP] Check Pods Manifest.lock */,
				030DA3C3263610D20063BAD1 /* Sources */,
				030DA3C4263610D20063BAD1 /* Frameworks */,
				030DA3C5263610D20063BAD1 /* Resources */,
				2D537F50FCA1A053C72D7F8C /* [CP] Embed Pods Frameworks */,
			);
			buildRules = (
			);
			dependencies = (
				030DA3C9263610D20063BAD1 /* PBXTargetDependency */,
			);
			name = OpenWeatherIosUITests;
			productName = OpenWeatherIosUITests;
			productReference = 030DA3C7263610D20063BAD1 /* OpenWeatherIosUITests.xctest */;
			productType = "com.apple.product-type.bundle.ui-testing";
		};
/* End PBXNativeTarget section */

/* Begin PBXProject section */
		030DA39E263610D10063BAD1 /* Project object */ = {
			isa = PBXProject;
			attributes = {
				LastSwiftUpdateCheck = 1240;
				LastUpgradeCheck = 1240;
				TargetAttributes = {
					030DA3A5263610D10063BAD1 = {
						CreatedOnToolsVersion = 12.4;
					};
					030DA3BB263610D20063BAD1 = {
						CreatedOnToolsVersion = 12.4;
						TestTargetID = 030DA3A5263610D10063BAD1;
					};
					030DA3C6263610D20063BAD1 = {
						CreatedOnToolsVersion = 12.4;
						TestTargetID = 030DA3A5263610D10063BAD1;
					};
				};
			};
			buildConfigurationList = 030DA3A1263610D10063BAD1 /* Build configuration list for PBXProject "OpenWeatherIos" */;
			compatibilityVersion = "Xcode 9.3";
			developmentRegion = en;
			hasScannedForEncodings = 0;
			knownRegions = (
				en,
				Base,
			);
			mainGroup = 030DA39D263610D10063BAD1;
			productRefGroup = 030DA3A7263610D10063BAD1 /* Products */;
			projectDirPath = "";
			projectRoot = "";
			targets = (
				030DA3A5263610D10063BAD1 /* OpenWeatherIos */,
				030DA3BB263610D20063BAD1 /* OpenWeatherIosTests */,
				030DA3C6263610D20063BAD1 /* OpenWeatherIosUITests */,
			);
		};
/* End PBXProject section */

/* Begin PBXResourcesBuildPhase section */
		030DA3A4263610D10063BAD1 /* Resources */ = {
			isa = PBXResourcesBuildPhase;
			buildActionMask = 2147483647;
			files = (
				030DA3B6263610D20063BAD1 /* LaunchScreen.storyboard in Resources */,
				030DA3B3263610D20063BAD1 /* Assets.xcassets in Resources */,
			);
			runOnlyForDeploymentPostprocessing = 0;
		};
		030DA3BA263610D20063BAD1 /* Resources */ = {
			isa = PBXResourcesBuildPhase;
			buildActionMask = 2147483647;
			files = (
			);
			runOnlyForDeploymentPostprocessing = 0;
		};
		030DA3C5263610D20063BAD1 /* Resources */ = {
			isa = PBXResourcesBuildPhase;
			buildActionMask = 2147483647;
			files = (
			);
			runOnlyForDeploymentPostprocessing = 0;
		};
/* End PBXResourcesBuildPhase section */

/* Begin PBXShellScriptBuildPhase section */
		03FF30D7267CB398001BFB6C /* ShellScript */ = {
			isa = PBXShellScriptBuildPhase;
			buildActionMask = 2147483647;
			files = (
			);
			inputFileListPaths = (
			);
			inputPaths = (
			);
			outputFileListPaths = (
			);
			outputPaths = (
			);
			runOnlyForDeploymentPostprocessing = 0;
			shellPath = /bin/sh;
			shellScript = "# Type a script or drag a script file from your workspace to insert its path.\nif which swiftlint >/dev/null; then\n  swiftlint\nelse\n  echo \"warning: SwiftLint not installed, download from https://github.com/realm/SwiftLint\"\nfi\n";
		};
		0A52BBA68299261325717622 /* [CP] Embed Pods Frameworks */ = {
			isa = PBXShellScriptBuildPhase;
			buildActionMask = 2147483647;
			files = (
			);
			inputFileListPaths = (
				"${PODS_ROOT}/Target Support Files/Pods-OpenWeatherIos/Pods-OpenWeatherIos-frameworks-${CONFIGURATION}-input-files.xcfilelist",
			);
			name = "[CP] Embed Pods Frameworks";
			outputFileListPaths = (
				"${PODS_ROOT}/Target Support Files/Pods-OpenWeatherIos/Pods-OpenWeatherIos-frameworks-${CONFIGURATION}-output-files.xcfilelist",
			);
			runOnlyForDeploymentPostprocessing = 0;
			shellPath = /bin/sh;
			shellScript = "\"${PODS_ROOT}/Target Support Files/Pods-OpenWeatherIos/Pods-OpenWeatherIos-frameworks.sh\"\n";
			showEnvVarsInLog = 0;
		};
		0D110EAFD8C7404ACA03CF79 /* [CP] Check Pods Manifest.lock */ = {
			isa = PBXShellScriptBuildPhase;
			buildActionMask = 2147483647;
			files = (
			);
			inputFileListPaths = (
			);
			inputPaths = (
				"${PODS_PODFILE_DIR_PATH}/Podfile.lock",
				"${PODS_ROOT}/Manifest.lock",
			);
			name = "[CP] Check Pods Manifest.lock";
			outputFileListPaths = (
			);
			outputPaths = (
				"$(DERIVED_FILE_DIR)/Pods-OpenWeatherIos-OpenWeatherIosUITests-checkManifestLockResult.txt",
			);
			runOnlyForDeploymentPostprocessing = 0;
			shellPath = /bin/sh;
			shellScript = "diff \"${PODS_PODFILE_DIR_PATH}/Podfile.lock\" \"${PODS_ROOT}/Manifest.lock\" > /dev/null\nif [ $? != 0 ] ; then\n    # print error to STDERR\n    echo \"error: The sandbox is not in sync with the Podfile.lock. Run 'pod install' or update your CocoaPods installation.\" >&2\n    exit 1\nfi\n# This output is used by Xcode 'outputs' to avoid re-running this script phase.\necho \"SUCCESS\" > \"${SCRIPT_OUTPUT_FILE_0}\"\n";
			showEnvVarsInLog = 0;
		};
		2D537F50FCA1A053C72D7F8C /* [CP] Embed Pods Frameworks */ = {
			isa = PBXShellScriptBuildPhase;
			buildActionMask = 2147483647;
			files = (
			);
			inputFileListPaths = (
				"${PODS_ROOT}/Target Support Files/Pods-OpenWeatherIos-OpenWeatherIosUITests/Pods-OpenWeatherIos-OpenWeatherIosUITests-frameworks-${CONFIGURATION}-input-files.xcfilelist",
			);
			name = "[CP] Embed Pods Frameworks";
			outputFileListPaths = (
				"${PODS_ROOT}/Target Support Files/Pods-OpenWeatherIos-OpenWeatherIosUITests/Pods-OpenWeatherIos-OpenWeatherIosUITests-frameworks-${CONFIGURATION}-output-files.xcfilelist",
			);
			runOnlyForDeploymentPostprocessing = 0;
			shellPath = /bin/sh;
			shellScript = "\"${PODS_ROOT}/Target Support Files/Pods-OpenWeatherIos-OpenWeatherIosUITests/Pods-OpenWeatherIos-OpenWeatherIosUITests-frameworks.sh\"\n";
			showEnvVarsInLog = 0;
		};
		35E022BAAC30DD72F023CF13 /* [CP] Check Pods Manifest.lock */ = {
			isa = PBXShellScriptBuildPhase;
			buildActionMask = 2147483647;
			files = (
			);
			inputFileListPaths = (
			);
			inputPaths = (
				"${PODS_PODFILE_DIR_PATH}/Podfile.lock",
				"${PODS_ROOT}/Manifest.lock",
			);
			name = "[CP] Check Pods Manifest.lock";
			outputFileListPaths = (
			);
			outputPaths = (
				"$(DERIVED_FILE_DIR)/Pods-OpenWeatherIosTests-checkManifestLockResult.txt",
			);
			runOnlyForDeploymentPostprocessing = 0;
			shellPath = /bin/sh;
			shellScript = "diff \"${PODS_PODFILE_DIR_PATH}/Podfile.lock\" \"${PODS_ROOT}/Manifest.lock\" > /dev/null\nif [ $? != 0 ] ; then\n    # print error to STDERR\n    echo \"error: The sandbox is not in sync with the Podfile.lock. Run 'pod install' or update your CocoaPods installation.\" >&2\n    exit 1\nfi\n# This output is used by Xcode 'outputs' to avoid re-running this script phase.\necho \"SUCCESS\" > \"${SCRIPT_OUTPUT_FILE_0}\"\n";
			showEnvVarsInLog = 0;
		};
		721A0C33CD5F724035E0979F /* [CP] Check Pods Manifest.lock */ = {
			isa = PBXShellScriptBuildPhase;
			buildActionMask = 2147483647;
			files = (
			);
			inputFileListPaths = (
			);
			inputPaths = (
				"${PODS_PODFILE_DIR_PATH}/Podfile.lock",
				"${PODS_ROOT}/Manifest.lock",
			);
			name = "[CP] Check Pods Manifest.lock";
			outputFileListPaths = (
			);
			outputPaths = (
				"$(DERIVED_FILE_DIR)/Pods-OpenWeatherIos-checkManifestLockResult.txt",
			);
			runOnlyForDeploymentPostprocessing = 0;
			shellPath = /bin/sh;
			shellScript = "diff \"${PODS_PODFILE_DIR_PATH}/Podfile.lock\" \"${PODS_ROOT}/Manifest.lock\" > /dev/null\nif [ $? != 0 ] ; then\n    # print error to STDERR\n    echo \"error: The sandbox is not in sync with the Podfile.lock. Run 'pod install' or update your CocoaPods installation.\" >&2\n    exit 1\nfi\n# This output is used by Xcode 'outputs' to avoid re-running this script phase.\necho \"SUCCESS\" > \"${SCRIPT_OUTPUT_FILE_0}\"\n";
			showEnvVarsInLog = 0;
		};
/* End PBXShellScriptBuildPhase section */

/* Begin PBXSourcesBuildPhase section */
		030DA3A2263610D10063BAD1 /* Sources */ = {
			isa = PBXSourcesBuildPhase;
			buildActionMask = 2147483647;
			files = (
				03D05264264200F3007EED7C /* OneCallResponse.swift in Sources */,
				03D0525F2641F6C3007EED7C /* ExcludedFieldType.swift in Sources */,
				0352038C26434C2B0066C796 /* Pressure.swift in Sources */,
				03939E66268201E000F67C2F /* Data+Gzip.swift in Sources */,
				03520390264356C30066C796 /* MinutelyForecast.swift in Sources */,
				033A0D1F264405BD00759BC2 /* WeatherModels.swift in Sources */,
				034B615E26828ACC00A2E343 /* City.swift in Sources */,
				03D052682642070B007EED7C /* Temperature.swift in Sources */,
				03D052662642043F007EED7C /* CurrentWeather.swift in Sources */,
				030193AB263F45F1005461C5 /* CurrentWeatherController.swift in Sources */,
				034FA6D226448F9000EC6C19 /* DailyForecast.swift in Sources */,
				030DA3AA263610D10063BAD1 /* AppDelegate.swift in Sources */,
				03520392264358A80066C796 /* HourlyForecast.swift in Sources */,
				03D0525C2641EFE5007EED7C /* WeatherApiManager.swift in Sources */,
				030DA3AC263610D10063BAD1 /* SceneDelegate.swift in Sources */,
				03180705266D518B00A5AEAF /* MeasurableValue.swift in Sources */,
				030193B3263F51D2005461C5 /* Constants.swift in Sources */,
				03F3C7A5266D60D60093867A /* WeatherAlert.swift in Sources */,
				033A0D1D2643FEB200759BC2 /* WeatherConvertible.swift in Sources */,
				0352038E26434F9F0066C796 /* WindSpeed.swift in Sources */,
			);
			runOnlyForDeploymentPostprocessing = 0;
		};
		030DA3B8263610D20063BAD1 /* Sources */ = {
			isa = PBXSourcesBuildPhase;
			buildActionMask = 2147483647;
			files = (
				030DA3C1263610D20063BAD1 /* OpenWeatherIosTests.swift in Sources */,
			);
			runOnlyForDeploymentPostprocessing = 0;
		};
		030DA3C3263610D20063BAD1 /* Sources */ = {
			isa = PBXSourcesBuildPhase;
			buildActionMask = 2147483647;
			files = (
				030DA3CC263610D20063BAD1 /* OpenWeatherIosUITests.swift in Sources */,
			);
			runOnlyForDeploymentPostprocessing = 0;
		};
/* End PBXSourcesBuildPhase section */

/* Begin PBXTargetDependency section */
		030DA3BE263610D20063BAD1 /* PBXTargetDependency */ = {
			isa = PBXTargetDependency;
			target = 030DA3A5263610D10063BAD1 /* OpenWeatherIos */;
			targetProxy = 030DA3BD263610D20063BAD1 /* PBXContainerItemProxy */;
		};
		030DA3C9263610D20063BAD1 /* PBXTargetDependency */ = {
			isa = PBXTargetDependency;
			target = 030DA3A5263610D10063BAD1 /* OpenWeatherIos */;
			targetProxy = 030DA3C8263610D20063BAD1 /* PBXContainerItemProxy */;
		};
/* End PBXTargetDependency section */

/* Begin PBXVariantGroup section */
		030DA3B4263610D20063BAD1 /* LaunchScreen.storyboard */ = {
			isa = PBXVariantGroup;
			children = (
				030DA3B5263610D20063BAD1 /* Base */,
			);
			name = LaunchScreen.storyboard;
			sourceTree = "<group>";
		};
/* End PBXVariantGroup section */

/* Begin XCBuildConfiguration section */
		030DA3CE263610D20063BAD1 /* Debug */ = {
			isa = XCBuildConfiguration;
			buildSettings = {
				ALWAYS_SEARCH_USER_PATHS = NO;
				CLANG_ANALYZER_NONNULL = YES;
				CLANG_ANALYZER_NUMBER_OBJECT_CONVERSION = YES_AGGRESSIVE;
				CLANG_CXX_LANGUAGE_STANDARD = "gnu++14";
				CLANG_CXX_LIBRARY = "libc++";
				CLANG_ENABLE_MODULES = YES;
				CLANG_ENABLE_OBJC_ARC = YES;
				CLANG_ENABLE_OBJC_WEAK = YES;
				CLANG_WARN_BLOCK_CAPTURE_AUTORELEASING = YES;
				CLANG_WARN_BOOL_CONVERSION = YES;
				CLANG_WARN_COMMA = YES;
				CLANG_WARN_CONSTANT_CONVERSION = YES;
				CLANG_WARN_DEPRECATED_OBJC_IMPLEMENTATIONS = YES;
				CLANG_WARN_DIRECT_OBJC_ISA_USAGE = YES_ERROR;
				CLANG_WARN_DOCUMENTATION_COMMENTS = YES;
				CLANG_WARN_EMPTY_BODY = YES;
				CLANG_WARN_ENUM_CONVERSION = YES;
				CLANG_WARN_INFINITE_RECURSION = YES;
				CLANG_WARN_INT_CONVERSION = YES;
				CLANG_WARN_NON_LITERAL_NULL_CONVERSION = YES;
				CLANG_WARN_OBJC_IMPLICIT_RETAIN_SELF = YES;
				CLANG_WARN_OBJC_LITERAL_CONVERSION = YES;
				CLANG_WARN_OBJC_ROOT_CLASS = YES_ERROR;
				CLANG_WARN_QUOTED_INCLUDE_IN_FRAMEWORK_HEADER = YES;
				CLANG_WARN_RANGE_LOOP_ANALYSIS = YES;
				CLANG_WARN_STRICT_PROTOTYPES = YES;
				CLANG_WARN_SUSPICIOUS_MOVE = YES;
				CLANG_WARN_UNGUARDED_AVAILABILITY = YES_AGGRESSIVE;
				CLANG_WARN_UNREACHABLE_CODE = YES;
				CLANG_WARN__DUPLICATE_METHOD_MATCH = YES;
				COPY_PHASE_STRIP = NO;
				DEBUG_INFORMATION_FORMAT = dwarf;
				ENABLE_STRICT_OBJC_MSGSEND = YES;
				ENABLE_TESTABILITY = YES;
				GCC_C_LANGUAGE_STANDARD = gnu11;
				GCC_DYNAMIC_NO_PIC = NO;
				GCC_NO_COMMON_BLOCKS = YES;
				GCC_OPTIMIZATION_LEVEL = 0;
				GCC_PREPROCESSOR_DEFINITIONS = (
					"DEBUG=1",
					"$(inherited)",
				);
				GCC_WARN_64_TO_32_BIT_CONVERSION = YES;
				GCC_WARN_ABOUT_RETURN_TYPE = YES_ERROR;
				GCC_WARN_UNDECLARED_SELECTOR = YES;
				GCC_WARN_UNINITIALIZED_AUTOS = YES_AGGRESSIVE;
				GCC_WARN_UNUSED_FUNCTION = YES;
				GCC_WARN_UNUSED_VARIABLE = YES;
				IPHONEOS_DEPLOYMENT_TARGET = 13.0;
				MTL_ENABLE_DEBUG_INFO = INCLUDE_SOURCE;
				MTL_FAST_MATH = YES;
				ONLY_ACTIVE_ARCH = YES;
				SDKROOT = iphoneos;
				SWIFT_ACTIVE_COMPILATION_CONDITIONS = DEBUG;
				SWIFT_OPTIMIZATION_LEVEL = "-Onone";
			};
			name = Debug;
		};
		030DA3CF263610D20063BAD1 /* Release */ = {
			isa = XCBuildConfiguration;
			buildSettings = {
				ALWAYS_SEARCH_USER_PATHS = NO;
				CLANG_ANALYZER_NONNULL = YES;
				CLANG_ANALYZER_NUMBER_OBJECT_CONVERSION = YES_AGGRESSIVE;
				CLANG_CXX_LANGUAGE_STANDARD = "gnu++14";
				CLANG_CXX_LIBRARY = "libc++";
				CLANG_ENABLE_MODULES = YES;
				CLANG_ENABLE_OBJC_ARC = YES;
				CLANG_ENABLE_OBJC_WEAK = YES;
				CLANG_WARN_BLOCK_CAPTURE_AUTORELEASING = YES;
				CLANG_WARN_BOOL_CONVERSION = YES;
				CLANG_WARN_COMMA = YES;
				CLANG_WARN_CONSTANT_CONVERSION = YES;
				CLANG_WARN_DEPRECATED_OBJC_IMPLEMENTATIONS = YES;
				CLANG_WARN_DIRECT_OBJC_ISA_USAGE = YES_ERROR;
				CLANG_WARN_DOCUMENTATION_COMMENTS = YES;
				CLANG_WARN_EMPTY_BODY = YES;
				CLANG_WARN_ENUM_CONVERSION = YES;
				CLANG_WARN_INFINITE_RECURSION = YES;
				CLANG_WARN_INT_CONVERSION = YES;
				CLANG_WARN_NON_LITERAL_NULL_CONVERSION = YES;
				CLANG_WARN_OBJC_IMPLICIT_RETAIN_SELF = YES;
				CLANG_WARN_OBJC_LITERAL_CONVERSION = YES;
				CLANG_WARN_OBJC_ROOT_CLASS = YES_ERROR;
				CLANG_WARN_QUOTED_INCLUDE_IN_FRAMEWORK_HEADER = YES;
				CLANG_WARN_RANGE_LOOP_ANALYSIS = YES;
				CLANG_WARN_STRICT_PROTOTYPES = YES;
				CLANG_WARN_SUSPICIOUS_MOVE = YES;
				CLANG_WARN_UNGUARDED_AVAILABILITY = YES_AGGRESSIVE;
				CLANG_WARN_UNREACHABLE_CODE = YES;
				CLANG_WARN__DUPLICATE_METHOD_MATCH = YES;
				COPY_PHASE_STRIP = NO;
				DEBUG_INFORMATION_FORMAT = "dwarf-with-dsym";
				ENABLE_NS_ASSERTIONS = NO;
				ENABLE_STRICT_OBJC_MSGSEND = YES;
				GCC_C_LANGUAGE_STANDARD = gnu11;
				GCC_NO_COMMON_BLOCKS = YES;
				GCC_WARN_64_TO_32_BIT_CONVERSION = YES;
				GCC_WARN_ABOUT_RETURN_TYPE = YES_ERROR;
				GCC_WARN_UNDECLARED_SELECTOR = YES;
				GCC_WARN_UNINITIALIZED_AUTOS = YES_AGGRESSIVE;
				GCC_WARN_UNUSED_FUNCTION = YES;
				GCC_WARN_UNUSED_VARIABLE = YES;
				IPHONEOS_DEPLOYMENT_TARGET = 13.0;
				MTL_ENABLE_DEBUG_INFO = NO;
				MTL_FAST_MATH = YES;
				SDKROOT = iphoneos;
				SWIFT_COMPILATION_MODE = wholemodule;
				SWIFT_OPTIMIZATION_LEVEL = "-O";
				VALIDATE_PRODUCT = YES;
			};
			name = Release;
		};
		030DA3D1263610D20063BAD1 /* Debug */ = {
			isa = XCBuildConfiguration;
			baseConfigurationReference = 0D7D98F39B3990F5449B8C09 /* Pods-OpenWeatherIos.debug.xcconfig */;
			buildSettings = {
				ASSETCATALOG_COMPILER_APPICON_NAME = AppIcon;
				ASSETCATALOG_COMPILER_GLOBAL_ACCENT_COLOR_NAME = AccentColor;
				CODE_SIGN_STYLE = Automatic;
				DEVELOPMENT_TEAM = EVGBF8EGC6;
				INFOPLIST_FILE = OpenWeatherIos/Info.plist;
				IPHONEOS_DEPLOYMENT_TARGET = 13.0;
				LD_RUNPATH_SEARCH_PATHS = (
					"$(inherited)",
					"@executable_path/Frameworks",
				);
				PRODUCT_BUNDLE_IDENTIFIER = marin.eu.OpenWeatherIos;
				PRODUCT_NAME = "$(TARGET_NAME)";
				SWIFT_VERSION = 5.0;
				TARGETED_DEVICE_FAMILY = "1,2";
			};
			name = Debug;
		};
		030DA3D2263610D20063BAD1 /* Release */ = {
			isa = XCBuildConfiguration;
			baseConfigurationReference = 2AAF89977D01B548399E2C90 /* Pods-OpenWeatherIos.release.xcconfig */;
			buildSettings = {
				ASSETCATALOG_COMPILER_APPICON_NAME = AppIcon;
				ASSETCATALOG_COMPILER_GLOBAL_ACCENT_COLOR_NAME = AccentColor;
				CODE_SIGN_STYLE = Automatic;
				DEVELOPMENT_TEAM = EVGBF8EGC6;
				INFOPLIST_FILE = OpenWeatherIos/Info.plist;
				IPHONEOS_DEPLOYMENT_TARGET = 13.0;
				LD_RUNPATH_SEARCH_PATHS = (
					"$(inherited)",
					"@executable_path/Frameworks",
				);
				PRODUCT_BUNDLE_IDENTIFIER = marin.eu.OpenWeatherIos;
				PRODUCT_NAME = "$(TARGET_NAME)";
				SWIFT_VERSION = 5.0;
				TARGETED_DEVICE_FAMILY = "1,2";
			};
			name = Release;
		};
		030DA3D4263610D20063BAD1 /* Debug */ = {
			isa = XCBuildConfiguration;
			baseConfigurationReference = 403E95A59BCFFCBB99C6A9E0 /* Pods-OpenWeatherIosTests.debug.xcconfig */;
			buildSettings = {
				ALWAYS_EMBED_SWIFT_STANDARD_LIBRARIES = YES;
				BUNDLE_LOADER = "$(TEST_HOST)";
				CODE_SIGN_STYLE = Automatic;
				INFOPLIST_FILE = OpenWeatherIosTests/Info.plist;
				IPHONEOS_DEPLOYMENT_TARGET = 14.4;
				LD_RUNPATH_SEARCH_PATHS = (
					"$(inherited)",
					"@executable_path/Frameworks",
					"@loader_path/Frameworks",
				);
				PRODUCT_BUNDLE_IDENTIFIER = "marin-eu.OpenWeatherIosTests";
				PRODUCT_NAME = "$(TARGET_NAME)";
				SWIFT_VERSION = 5.0;
				TARGETED_DEVICE_FAMILY = "1,2";
				TEST_HOST = "$(BUILT_PRODUCTS_DIR)/OpenWeatherIos.app/OpenWeatherIos";
			};
			name = Debug;
		};
		030DA3D5263610D20063BAD1 /* Release */ = {
			isa = XCBuildConfiguration;
			baseConfigurationReference = 0D5E9298DC55FC210BAD7638 /* Pods-OpenWeatherIosTests.release.xcconfig */;
			buildSettings = {
				ALWAYS_EMBED_SWIFT_STANDARD_LIBRARIES = YES;
				BUNDLE_LOADER = "$(TEST_HOST)";
				CODE_SIGN_STYLE = Automatic;
				INFOPLIST_FILE = OpenWeatherIosTests/Info.plist;
				IPHONEOS_DEPLOYMENT_TARGET = 14.4;
				LD_RUNPATH_SEARCH_PATHS = (
					"$(inherited)",
					"@executable_path/Frameworks",
					"@loader_path/Frameworks",
				);
				PRODUCT_BUNDLE_IDENTIFIER = "marin-eu.OpenWeatherIosTests";
				PRODUCT_NAME = "$(TARGET_NAME)";
				SWIFT_VERSION = 5.0;
				TARGETED_DEVICE_FAMILY = "1,2";
				TEST_HOST = "$(BUILT_PRODUCTS_DIR)/OpenWeatherIos.app/OpenWeatherIos";
			};
			name = Release;
		};
		030DA3D7263610D20063BAD1 /* Debug */ = {
			isa = XCBuildConfiguration;
			baseConfigurationReference = 32B457A9162BB5CE46BF3F71 /* Pods-OpenWeatherIos-OpenWeatherIosUITests.debug.xcconfig */;
			buildSettings = {
				ALWAYS_EMBED_SWIFT_STANDARD_LIBRARIES = YES;
				CODE_SIGN_STYLE = Automatic;
				INFOPLIST_FILE = OpenWeatherIosUITests/Info.plist;
				LD_RUNPATH_SEARCH_PATHS = (
					"$(inherited)",
					"@executable_path/Frameworks",
					"@loader_path/Frameworks",
				);
				PRODUCT_BUNDLE_IDENTIFIER = "marin-eu.OpenWeatherIosUITests";
				PRODUCT_NAME = "$(TARGET_NAME)";
				SWIFT_VERSION = 5.0;
				TARGETED_DEVICE_FAMILY = "1,2";
				TEST_TARGET_NAME = OpenWeatherIos;
			};
			name = Debug;
		};
		030DA3D8263610D20063BAD1 /* Release */ = {
			isa = XCBuildConfiguration;
			baseConfigurationReference = E7A65517DE7396C24B80A7F0 /* Pods-OpenWeatherIos-OpenWeatherIosUITests.release.xcconfig */;
			buildSettings = {
				ALWAYS_EMBED_SWIFT_STANDARD_LIBRARIES = YES;
				CODE_SIGN_STYLE = Automatic;
				INFOPLIST_FILE = OpenWeatherIosUITests/Info.plist;
				LD_RUNPATH_SEARCH_PATHS = (
					"$(inherited)",
					"@executable_path/Frameworks",
					"@loader_path/Frameworks",
				);
				PRODUCT_BUNDLE_IDENTIFIER = "marin-eu.OpenWeatherIosUITests";
				PRODUCT_NAME = "$(TARGET_NAME)";
				SWIFT_VERSION = 5.0;
				TARGETED_DEVICE_FAMILY = "1,2";
				TEST_TARGET_NAME = OpenWeatherIos;
			};
			name = Release;
		};
/* End XCBuildConfiguration section */

/* Begin XCConfigurationList section */
		030DA3A1263610D10063BAD1 /* Build configuration list for PBXProject "OpenWeatherIos" */ = {
			isa = XCConfigurationList;
			buildConfigurations = (
				030DA3CE263610D20063BAD1 /* Debug */,
				030DA3CF263610D20063BAD1 /* Release */,
			);
			defaultConfigurationIsVisible = 0;
			defaultConfigurationName = Release;
		};
		030DA3D0263610D20063BAD1 /* Build configuration list for PBXNativeTarget "OpenWeatherIos" */ = {
			isa = XCConfigurationList;
			buildConfigurations = (
				030DA3D1263610D20063BAD1 /* Debug */,
				030DA3D2263610D20063BAD1 /* Release */,
			);
			defaultConfigurationIsVisible = 0;
			defaultConfigurationName = Release;
		};
		030DA3D3263610D20063BAD1 /* Build configuration list for PBXNativeTarget "OpenWeatherIosTests" */ = {
			isa = XCConfigurationList;
			buildConfigurations = (
				030DA3D4263610D20063BAD1 /* Debug */,
				030DA3D5263610D20063BAD1 /* Release */,
			);
			defaultConfigurationIsVisible = 0;
			defaultConfigurationName = Release;
		};
		030DA3D6263610D20063BAD1 /* Build configuration list for PBXNativeTarget "OpenWeatherIosUITests" */ = {
			isa = XCConfigurationList;
			buildConfigurations = (
				030DA3D7263610D20063BAD1 /* Debug */,
				030DA3D8263610D20063BAD1 /* Release */,
			);
			defaultConfigurationIsVisible = 0;
			defaultConfigurationName = Release;
		};
/* End XCConfigurationList section */
	};
	rootObject = 030DA39E263610D10063BAD1 /* Project object */;
}
